
Microsoft Visual Studio Solution File, Format Version 12.00
# Visual Studio Version 16
VisualStudioVersion = 25.0.1706.1
MinimumVisualStudioVersion = 10.0.40219.1
Project("{FAE04EC0-301F-11D3-BF4B-00C04F79EFBC}") = "Final Assignment Submission", "Final Assignment Submission\Final Assignment Submission.csproj", "{BCDE47E3-C6DF-4AA0-A9C3-B4A80F19ED1F}"
EndProject
Global
	GlobalSection(SolutionConfigurationPlatforms) = preSolution
		Debug|Any CPU = Debug|Any CPU
		Release|Any CPU = Release|Any CPU
	EndGlobalSection
	GlobalSection(ProjectConfigurationPlatforms) = postSolution
		{BCDE47E3-C6DF-4AA0-A9C3-B4A80F19ED1F}.Debug|Any CPU.ActiveCfg = Debug|Any CPU
		{BCDE47E3-C6DF-4AA0-A9C3-B4A80F19ED1F}.Debug|Any CPU.Build.0 = Debug|Any CPU
		{BCDE47E3-C6DF-4AA0-A9C3-B4A80F19ED1F}.Release|Any CPU.ActiveCfg = Release|Any CPU
		{BCDE47E3-C6DF-4AA0-A9C3-B4A80F19ED1F}.Release|Any CPU.Build.0 = Release|Any CPU
	EndGlobalSection
	GlobalSection(SolutionProperties) = preSolution
		HideSolutionNode = FALSE
	EndGlobalSection
	GlobalSection(ExtensibilityGlobals) = postSolution
		SolutionGuid = {7E1BFE0B-4C2E-4DAF-BE85-39B91D111C44}
	EndGlobalSection
EndGlobal
